
Microsoft Visual Studio Solution File, Format Version 12.00
# Visual Studio Version 16
VisualStudioVersion = 16.0.34407.143
MinimumVisualStudioVersion = 10.0.40219.1
Project("{8BC9CEB8-8B4A-11D0-8D11-00A0C91BC942}") = "Lab5_Rodrigo_Ruiz+_+1037623", "Lab5_Rodrigo_Ruiz+_+1037623\Lab5_Rodrigo_Ruiz+_+1037623.vcxproj", "{C302991A-D450-4F9E-A2F9-476A1C44FBAE}"
EndProject
Global
	GlobalSection(SolutionConfigurationPlatforms) = preSolution
		Debug|x64 = Debug|x64
		Debug|x86 = Debug|x86
		Release|x64 = Release|x64
		Release|x86 = Release|x86
	EndGlobalSection
	GlobalSection(ProjectConfigurationPlatforms) = postSolution
		{C302991A-D450-4F9E-A2F9-476A1C44FBAE}.Debug|x64.ActiveCfg = Debug|x64
		{C302991A-D450-4F9E-A2F9-476A1C44FBAE}.Debug|x64.Build.0 = Debug|x64
		{C302991A-D450-4F9E-A2F9-476A1C44FBAE}.Debug|x86.ActiveCfg = Debug|Win32
		{C302991A-D450-4F9E-A2F9-476A1C44FBAE}.Debug|x86.Build.0 = Debug|Win32
		{C302991A-D450-4F9E-A2F9-476A1C44FBAE}.Release|x64.ActiveCfg = Release|x64
		{C302991A-D450-4F9E-A2F9-476A1C44FBAE}.Release|x64.Build.0 = Release|x64
		{C302991A-D450-4F9E-A2F9-476A1C44FBAE}.Release|x86.ActiveCfg = Release|Win32
		{C302991A-D450-4F9E-A2F9-476A1C44FBAE}.Release|x86.Build.0 = Release|Win32
	EndGlobalSection
	GlobalSection(SolutionProperties) = preSolution
		HideSolutionNode = FALSE
	EndGlobalSection
	GlobalSection(ExtensibilityGlobals) = postSolution
		SolutionGuid = {5E2D6070-0E9D-49F1-9FED-2C52C1DEC5D6}
	EndGlobalSection
EndGlobal
