
Microsoft Visual Studio Solution File, Format Version 12.00
# Visual Studio Version 17
VisualStudioVersion = 17.9.34723.18
MinimumVisualStudioVersion = 10.0.40219.1
Project("{8BC9CEB8-8B4A-11D0-8D11-00A0C91BC942}") = "Lab10_Rodrigo_Ruiz+_+1037623", "Lab10_Rodrigo_Ruiz+_+1037623\Lab10_Rodrigo_Ruiz+_+1037623.vcxproj", "{B6223487-F1B7-4B1C-91F7-F6309E4CA808}"
EndProject
Global
	GlobalSection(SolutionConfigurationPlatforms) = preSolution
		Debug|x64 = Debug|x64
		Debug|x86 = Debug|x86
		Release|x64 = Release|x64
		Release|x86 = Release|x86
	EndGlobalSection
	GlobalSection(ProjectConfigurationPlatforms) = postSolution
		{B6223487-F1B7-4B1C-91F7-F6309E4CA808}.Debug|x64.ActiveCfg = Debug|x64
		{B6223487-F1B7-4B1C-91F7-F6309E4CA808}.Debug|x64.Build.0 = Debug|x64
		{B6223487-F1B7-4B1C-91F7-F6309E4CA808}.Debug|x86.ActiveCfg = Debug|Win32
		{B6223487-F1B7-4B1C-91F7-F6309E4CA808}.Debug|x86.Build.0 = Debug|Win32
		{B6223487-F1B7-4B1C-91F7-F6309E4CA808}.Release|x64.ActiveCfg = Release|x64
		{B6223487-F1B7-4B1C-91F7-F6309E4CA808}.Release|x64.Build.0 = Release|x64
		{B6223487-F1B7-4B1C-91F7-F6309E4CA808}.Release|x86.ActiveCfg = Release|Win32
		{B6223487-F1B7-4B1C-91F7-F6309E4CA808}.Release|x86.Build.0 = Release|Win32
	EndGlobalSection
	GlobalSection(SolutionProperties) = preSolution
		HideSolutionNode = FALSE
	EndGlobalSection
	GlobalSection(ExtensibilityGlobals) = postSolution
		SolutionGuid = {1DB87F76-5839-4085-8370-7E7C259D256D}
	EndGlobalSection
EndGlobal
