
Microsoft Visual Studio Solution File, Format Version 12.00
# Visual Studio Version 17
VisualStudioVersion = 17.1.32210.238
MinimumVisualStudioVersion = 10.0.40219.1
Project("{8BC9CEB8-8B4A-11D0-8D11-00A0C91BC942}") = "Lab8_Rodrigo_Ruiz+_+1037623", "Lab8_Rodrigo_Ruiz+_+1037623\Lab8_Rodrigo_Ruiz+_+1037623.vcxproj", "{AF10770E-5563-48D4-8E90-72AD70EC13FF}"
EndProject
Global
	GlobalSection(SolutionConfigurationPlatforms) = preSolution
		Debug|x64 = Debug|x64
		Debug|x86 = Debug|x86
		Release|x64 = Release|x64
		Release|x86 = Release|x86
	EndGlobalSection
	GlobalSection(ProjectConfigurationPlatforms) = postSolution
		{AF10770E-5563-48D4-8E90-72AD70EC13FF}.Debug|x64.ActiveCfg = Debug|x64
		{AF10770E-5563-48D4-8E90-72AD70EC13FF}.Debug|x64.Build.0 = Debug|x64
		{AF10770E-5563-48D4-8E90-72AD70EC13FF}.Debug|x86.ActiveCfg = Debug|Win32
		{AF10770E-5563-48D4-8E90-72AD70EC13FF}.Debug|x86.Build.0 = Debug|Win32
		{AF10770E-5563-48D4-8E90-72AD70EC13FF}.Release|x64.ActiveCfg = Release|x64
		{AF10770E-5563-48D4-8E90-72AD70EC13FF}.Release|x64.Build.0 = Release|x64
		{AF10770E-5563-48D4-8E90-72AD70EC13FF}.Release|x86.ActiveCfg = Release|Win32
		{AF10770E-5563-48D4-8E90-72AD70EC13FF}.Release|x86.Build.0 = Release|Win32
	EndGlobalSection
	GlobalSection(SolutionProperties) = preSolution
		HideSolutionNode = FALSE
	EndGlobalSection
	GlobalSection(ExtensibilityGlobals) = postSolution
		SolutionGuid = {BE290BBB-0C81-48DA-8E13-2FD74DAC010F}
	EndGlobalSection
EndGlobal
