
Microsoft Visual Studio Solution File, Format Version 12.00
# Visual Studio Version 16
VisualStudioVersion = 16.0.34407.143
MinimumVisualStudioVersion = 10.0.40219.1
Project("{8BC9CEB8-8B4A-11D0-8D11-00A0C91BC942}") = "Tarea2", "Tarea2\Tarea2.vcxproj", "{94D82B42-E718-4C20-981D-64FA8742052C}"
EndProject
Global
	GlobalSection(SolutionConfigurationPlatforms) = preSolution
		Debug|x64 = Debug|x64
		Debug|x86 = Debug|x86
		Release|x64 = Release|x64
		Release|x86 = Release|x86
	EndGlobalSection
	GlobalSection(ProjectConfigurationPlatforms) = postSolution
		{94D82B42-E718-4C20-981D-64FA8742052C}.Debug|x64.ActiveCfg = Debug|x64
		{94D82B42-E718-4C20-981D-64FA8742052C}.Debug|x64.Build.0 = Debug|x64
		{94D82B42-E718-4C20-981D-64FA8742052C}.Debug|x86.ActiveCfg = Debug|Win32
		{94D82B42-E718-4C20-981D-64FA8742052C}.Debug|x86.Build.0 = Debug|Win32
		{94D82B42-E718-4C20-981D-64FA8742052C}.Release|x64.ActiveCfg = Release|x64
		{94D82B42-E718-4C20-981D-64FA8742052C}.Release|x64.Build.0 = Release|x64
		{94D82B42-E718-4C20-981D-64FA8742052C}.Release|x86.ActiveCfg = Release|Win32
		{94D82B42-E718-4C20-981D-64FA8742052C}.Release|x86.Build.0 = Release|Win32
	EndGlobalSection
	GlobalSection(SolutionProperties) = preSolution
		HideSolutionNode = FALSE
	EndGlobalSection
	GlobalSection(ExtensibilityGlobals) = postSolution
		SolutionGuid = {B563883B-46CB-4512-A95D-90AF4C937644}
	EndGlobalSection
EndGlobal
